
Microsoft Visual Studio Solution File, Format Version 12.00
# Visual Studio Version 16
VisualStudioVersion = 16.0.30611.23
MinimumVisualStudioVersion = 10.0.40219.1
Project("{FAE04EC0-301F-11D3-BF4B-00C04F79EFBC}") = "BibliotekOpgave", "BibliotekOpgave\BibliotekOpgave.csproj", "{0B4B2A6B-3238-449D-84B8-49E6F1020A51}"
EndProject
Global
	GlobalSection(SolutionConfigurationPlatforms) = preSolution
		Debug|Any CPU = Debug|Any CPU
		Release|Any CPU = Release|Any CPU
	EndGlobalSection
	GlobalSection(ProjectConfigurationPlatforms) = postSolution
		{0B4B2A6B-3238-449D-84B8-49E6F1020A51}.Debug|Any CPU.ActiveCfg = Debug|Any CPU
		{0B4B2A6B-3238-449D-84B8-49E6F1020A51}.Debug|Any CPU.Build.0 = Debug|Any CPU
		{0B4B2A6B-3238-449D-84B8-49E6F1020A51}.Release|Any CPU.ActiveCfg = Release|Any CPU
		{0B4B2A6B-3238-449D-84B8-49E6F1020A51}.Release|Any CPU.Build.0 = Release|Any CPU
	EndGlobalSection
	GlobalSection(SolutionProperties) = preSolution
		HideSolutionNode = FALSE
	EndGlobalSection
	GlobalSection(ExtensibilityGlobals) = postSolution
		SolutionGuid = {B7701DDD-7EFB-4554-B3C9-149B88BBA39D}
	EndGlobalSection
EndGlobal
